
Microsoft Visual Studio Solution File, Format Version 12.00
# Visual Studio Version 16
VisualStudioVersion = 16.0.31402.337
MinimumVisualStudioVersion = 10.0.40219.1
Project("{FAE04EC0-301F-11D3-BF4B-00C04F79EFBC}") = "KataCocktails", "KataCocktails.csproj", "{18C77438-2033-4228-A338-CEE304AC4A74}"
EndProject
Project("{FAE04EC0-301F-11D3-BF4B-00C04F79EFBC}") = "KataCocktails.Tests", "..\KataCocktails\KataCocktails.Tests\KataCocktails.Tests.csproj", "{1F795613-0224-42A9-8139-DA56E42A52FF}"
EndProject
Global
	GlobalSection(SolutionConfigurationPlatforms) = preSolution
		Debug|Any CPU = Debug|Any CPU
		Release|Any CPU = Release|Any CPU
	EndGlobalSection
	GlobalSection(ProjectConfigurationPlatforms) = postSolution
		{18C77438-2033-4228-A338-CEE304AC4A74}.Debug|Any CPU.ActiveCfg = Debug|Any CPU
		{18C77438-2033-4228-A338-CEE304AC4A74}.Debug|Any CPU.Build.0 = Debug|Any CPU
		{18C77438-2033-4228-A338-CEE304AC4A74}.Release|Any CPU.ActiveCfg = Release|Any CPU
		{18C77438-2033-4228-A338-CEE304AC4A74}.Release|Any CPU.Build.0 = Release|Any CPU
		{1F795613-0224-42A9-8139-DA56E42A52FF}.Debug|Any CPU.ActiveCfg = Debug|Any CPU
		{1F795613-0224-42A9-8139-DA56E42A52FF}.Debug|Any CPU.Build.0 = Debug|Any CPU
		{1F795613-0224-42A9-8139-DA56E42A52FF}.Release|Any CPU.ActiveCfg = Release|Any CPU
		{1F795613-0224-42A9-8139-DA56E42A52FF}.Release|Any CPU.Build.0 = Release|Any CPU
	EndGlobalSection
	GlobalSection(SolutionProperties) = preSolution
		HideSolutionNode = FALSE
	EndGlobalSection
	GlobalSection(ExtensibilityGlobals) = postSolution
		SolutionGuid = {D422FAA9-858F-4EED-B0FD-4D4B09C0B195}
	EndGlobalSection
EndGlobal
