
Microsoft Visual Studio Solution File, Format Version 12.00
# Visual Studio Version 16
VisualStudioVersion = 16.0.31402.337
MinimumVisualStudioVersion = 10.0.40219.1
Project("{FAE04EC0-301F-11D3-BF4B-00C04F79EFBC}") = "KataCocktails.Tests", "KataCocktails.Tests\KataCocktails.Tests.csproj", "{C9613531-2F31-4F85-9E83-E8FD56CDD19E}"
EndProject
Project("{FAE04EC0-301F-11D3-BF4B-00C04F79EFBC}") = "KataCocktails", "KataCocktails\KataCocktails.csproj", "{38493756-BDBB-427C-B63A-3E3DD2840756}"
EndProject
Global
	GlobalSection(SolutionConfigurationPlatforms) = preSolution
		Debug|Any CPU = Debug|Any CPU
		Release|Any CPU = Release|Any CPU
	EndGlobalSection
	GlobalSection(ProjectConfigurationPlatforms) = postSolution
		{C9613531-2F31-4F85-9E83-E8FD56CDD19E}.Debug|Any CPU.ActiveCfg = Debug|Any CPU
		{C9613531-2F31-4F85-9E83-E8FD56CDD19E}.Debug|Any CPU.Build.0 = Debug|Any CPU
		{C9613531-2F31-4F85-9E83-E8FD56CDD19E}.Release|Any CPU.ActiveCfg = Release|Any CPU
		{C9613531-2F31-4F85-9E83-E8FD56CDD19E}.Release|Any CPU.Build.0 = Release|Any CPU
		{38493756-BDBB-427C-B63A-3E3DD2840756}.Debug|Any CPU.ActiveCfg = Debug|Any CPU
		{38493756-BDBB-427C-B63A-3E3DD2840756}.Debug|Any CPU.Build.0 = Debug|Any CPU
		{38493756-BDBB-427C-B63A-3E3DD2840756}.Release|Any CPU.ActiveCfg = Release|Any CPU
		{38493756-BDBB-427C-B63A-3E3DD2840756}.Release|Any CPU.Build.0 = Release|Any CPU
	EndGlobalSection
	GlobalSection(SolutionProperties) = preSolution
		HideSolutionNode = FALSE
	EndGlobalSection
	GlobalSection(ExtensibilityGlobals) = postSolution
		SolutionGuid = {D422FAA9-858F-4EED-B0FD-4D4B09C0B195}
	EndGlobalSection
EndGlobal
